
Microsoft Visual Studio Solution File, Format Version 12.00
# Visual Studio Version 17
VisualStudioVersion = 17.14.36811.4 d17.14
MinimumVisualStudioVersion = 10.0.40219.1
Project("{FAE04EC0-301F-11D3-BF4B-00C04F79EFBC}") = "KASHOP.PL", "KASHOP.PL\KASHOP.PL.csproj", "{E8CA7C84-1554-4916-9F25-8F36721BA042}"
EndProject
Project("{FAE04EC0-301F-11D3-BF4B-00C04F79EFBC}") = "KASHOP.BLL", "KASHOP.BLL\KASHOP.BLL.csproj", "{B7234252-6F04-4B42-9ED4-27290D1D61FC}"
EndProject
Project("{FAE04EC0-301F-11D3-BF4B-00C04F79EFBC}") = "KASHOP.DAL", "KASHOP.DAL\KASHOP.DAL.csproj", "{D58E6566-001C-4CA5-9ED7-D70F9CBB428C}"
EndProject
Global
	GlobalSection(SolutionConfigurationPlatforms) = preSolution
		Debug|Any CPU = Debug|Any CPU
		Release|Any CPU = Release|Any CPU
	EndGlobalSection
	GlobalSection(ProjectConfigurationPlatforms) = postSolution
		{E8CA7C84-1554-4916-9F25-8F36721BA042}.Debug|Any CPU.ActiveCfg = Debug|Any CPU
		{E8CA7C84-1554-4916-9F25-8F36721BA042}.Debug|Any CPU.Build.0 = Debug|Any CPU
		{E8CA7C84-1554-4916-9F25-8F36721BA042}.Release|Any CPU.ActiveCfg = Release|Any CPU
		{E8CA7C84-1554-4916-9F25-8F36721BA042}.Release|Any CPU.Build.0 = Release|Any CPU
		{B7234252-6F04-4B42-9ED4-27290D1D61FC}.Debug|Any CPU.ActiveCfg = Debug|Any CPU
		{B7234252-6F04-4B42-9ED4-27290D1D61FC}.Debug|Any CPU.Build.0 = Debug|Any CPU
		{B7234252-6F04-4B42-9ED4-27290D1D61FC}.Release|Any CPU.ActiveCfg = Release|Any CPU
		{B7234252-6F04-4B42-9ED4-27290D1D61FC}.Release|Any CPU.Build.0 = Release|Any CPU
		{D58E6566-001C-4CA5-9ED7-D70F9CBB428C}.Debug|Any CPU.ActiveCfg = Debug|Any CPU
		{D58E6566-001C-4CA5-9ED7-D70F9CBB428C}.Debug|Any CPU.Build.0 = Debug|Any CPU
		{D58E6566-001C-4CA5-9ED7-D70F9CBB428C}.Release|Any CPU.ActiveCfg = Release|Any CPU
		{D58E6566-001C-4CA5-9ED7-D70F9CBB428C}.Release|Any CPU.Build.0 = Release|Any CPU
	EndGlobalSection
	GlobalSection(SolutionProperties) = preSolution
		HideSolutionNode = FALSE
	EndGlobalSection
	GlobalSection(ExtensibilityGlobals) = postSolution
		SolutionGuid = {3B886AE0-DC60-4A53-831D-21534C4A855E}
	EndGlobalSection
EndGlobal
